
Microsoft Visual Studio Solution File, Format Version 12.00
# Visual Studio Version 17
VisualStudioVersion = 17.8.34330.188
MinimumVisualStudioVersion = 10.0.40219.1
Project("{FAE04EC0-301F-11D3-BF4B-00C04F79EFBC}") = "ossDotNetApp", "ossDotNetApp.csproj", "{50220599-BAD0-44C2-BCD2-789BDCAC7F73}"
EndProject
Global
	GlobalSection(SolutionConfigurationPlatforms) = preSolution
		Debug|Any CPU = Debug|Any CPU
		Release|Any CPU = Release|Any CPU
	EndGlobalSection
	GlobalSection(ProjectConfigurationPlatforms) = postSolution
		{50220599-BAD0-44C2-BCD2-789BDCAC7F73}.Debug|Any CPU.ActiveCfg = Debug|Any CPU
		{50220599-BAD0-44C2-BCD2-789BDCAC7F73}.Debug|Any CPU.Build.0 = Debug|Any CPU
		{50220599-BAD0-44C2-BCD2-789BDCAC7F73}.Release|Any CPU.ActiveCfg = Release|Any CPU
		{50220599-BAD0-44C2-BCD2-789BDCAC7F73}.Release|Any CPU.Build.0 = Release|Any CPU
	EndGlobalSection
	GlobalSection(SolutionProperties) = preSolution
		HideSolutionNode = FALSE
	EndGlobalSection
	GlobalSection(ExtensibilityGlobals) = postSolution
		SolutionGuid = {35B5552A-D223-47B5-A2F5-F37BF1F56BB0}
	EndGlobalSection
EndGlobal
